
Microsoft Visual Studio Solution File, Format Version 12.00
# Visual Studio 14
VisualStudioVersion = 14.0.25420.1
MinimumVisualStudioVersion = 10.0.40219.1
Project("{FAE04EC0-301F-11D3-BF4B-00C04F79EFBC}") = "SportsStore.Domain", "SportsStore.Domain\SportsStore.Domain.csproj", "{61BC3EF2-9DC9-408B-955A-C82544AF9D94}"
EndProject
Project("{FAE04EC0-301F-11D3-BF4B-00C04F79EFBC}") = "SportsStore.WebUI", "SportsStore.WebUI\SportsStore.WebUI.csproj", "{D36E2C55-D7DD-4BB2-99AD-13B4157A72B4}"
EndProject
Project("{FAE04EC0-301F-11D3-BF4B-00C04F79EFBC}") = "SportsStore.UnitTests", "SportsStore.UnitTests\SportsStore.UnitTests.csproj", "{C00B93B2-3E45-4AD6-9027-B925A148EEF9}"
EndProject
Global
	GlobalSection(SolutionConfigurationPlatforms) = preSolution
		Debug|Any CPU = Debug|Any CPU
		Release|Any CPU = Release|Any CPU
	EndGlobalSection
	GlobalSection(ProjectConfigurationPlatforms) = postSolution
		{61BC3EF2-9DC9-408B-955A-C82544AF9D94}.Debug|Any CPU.ActiveCfg = Debug|Any CPU
		{61BC3EF2-9DC9-408B-955A-C82544AF9D94}.Debug|Any CPU.Build.0 = Debug|Any CPU
		{61BC3EF2-9DC9-408B-955A-C82544AF9D94}.Release|Any CPU.ActiveCfg = Release|Any CPU
		{61BC3EF2-9DC9-408B-955A-C82544AF9D94}.Release|Any CPU.Build.0 = Release|Any CPU
		{D36E2C55-D7DD-4BB2-99AD-13B4157A72B4}.Debug|Any CPU.ActiveCfg = Debug|Any CPU
		{D36E2C55-D7DD-4BB2-99AD-13B4157A72B4}.Debug|Any CPU.Build.0 = Debug|Any CPU
		{D36E2C55-D7DD-4BB2-99AD-13B4157A72B4}.Release|Any CPU.ActiveCfg = Release|Any CPU
		{D36E2C55-D7DD-4BB2-99AD-13B4157A72B4}.Release|Any CPU.Build.0 = Release|Any CPU
		{C00B93B2-3E45-4AD6-9027-B925A148EEF9}.Debug|Any CPU.ActiveCfg = Debug|Any CPU
		{C00B93B2-3E45-4AD6-9027-B925A148EEF9}.Debug|Any CPU.Build.0 = Debug|Any CPU
		{C00B93B2-3E45-4AD6-9027-B925A148EEF9}.Release|Any CPU.ActiveCfg = Release|Any CPU
		{C00B93B2-3E45-4AD6-9027-B925A148EEF9}.Release|Any CPU.Build.0 = Release|Any CPU
	EndGlobalSection
	GlobalSection(SolutionProperties) = preSolution
		HideSolutionNode = FALSE
	EndGlobalSection
EndGlobal
